
Microsoft Visual Studio Solution File, Format Version 12.00
# Visual Studio Version 17
VisualStudioVersion = 17.7.34221.43
MinimumVisualStudioVersion = 10.0.40219.1
Project("{FAE04EC0-301F-11D3-BF4B-00C04F79EFBC}") = "Phase1Project2", "Phase1Project2\Phase1Project2.csproj", "{27A3913A-D9A2-48FF-8167-88E01ED3B1AF}"
EndProject
Global
	GlobalSection(SolutionConfigurationPlatforms) = preSolution
		Debug|Any CPU = Debug|Any CPU
		Release|Any CPU = Release|Any CPU
	EndGlobalSection
	GlobalSection(ProjectConfigurationPlatforms) = postSolution
		{27A3913A-D9A2-48FF-8167-88E01ED3B1AF}.Debug|Any CPU.ActiveCfg = Debug|Any CPU
		{27A3913A-D9A2-48FF-8167-88E01ED3B1AF}.Debug|Any CPU.Build.0 = Debug|Any CPU
		{27A3913A-D9A2-48FF-8167-88E01ED3B1AF}.Release|Any CPU.ActiveCfg = Release|Any CPU
		{27A3913A-D9A2-48FF-8167-88E01ED3B1AF}.Release|Any CPU.Build.0 = Release|Any CPU
	EndGlobalSection
	GlobalSection(SolutionProperties) = preSolution
		HideSolutionNode = FALSE
	EndGlobalSection
	GlobalSection(ExtensibilityGlobals) = postSolution
		SolutionGuid = {4D1C485E-387C-49A3-B4C3-1C7D6AC35864}
	EndGlobalSection
EndGlobal
